
Microsoft Visual Studio Solution File, Format Version 12.00
# Visual Studio Version 16
VisualStudioVersion = 16.0.29201.188
MinimumVisualStudioVersion = 10.0.40219.1
Project("{9A19103F-16F7-4668-BE54-9A1E7A4F7556}") = "Enricher", "Enricher\Enricher.csproj", "{4DC82929-03E4-4B7F-B195-02D5FFEFC620}"
EndProject
Project("{FAE04EC0-301F-11D3-BF4B-00C04F79EFBC}") = "EpaFixer", "EpaFixer\EpaFixer.csproj", "{F5058840-D869-48A2-816A-673A3B1EF908}"
EndProject
Project("{FAE04EC0-301F-11D3-BF4B-00C04F79EFBC}") = "HistorianExtractor", "HistorianExtractor\HistorianExtractor.csproj", "{A6B80AF4-FAE7-4E6C-97F6-EF9301BEA118}"
EndProject
Project("{FAE04EC0-301F-11D3-BF4B-00C04F79EFBC}") = "ScadaConverter", "ScadaConverter\ScadaConverter.csproj", "{B703EA50-AF84-4EBD-A41B-7465CFCDC99F}"
EndProject
Project("{9A19103F-16F7-4668-BE54-9A1E7A4F7556}") = "Leika2Adms", "Leika2Adms\Leika2Adms.csproj", "{89E096DF-5227-4734-808A-B6DC8408A55D}"
EndProject
Project("{9A19103F-16F7-4668-BE54-9A1E7A4F7556}") = "CoordinateConverter", "CoordinateConverter\CoordinateConverter.csproj", "{7BDE8A53-5764-41B4-9780-A7AC3857BFA9}"
EndProject
Project("{9A19103F-16F7-4668-BE54-9A1E7A4F7556}") = "IdfManager", "IdfManager\IdfManager.csproj", "{790BD099-6820-4CCA-B652-90F944B9624C}"
EndProject
Project("{9A19103F-16F7-4668-BE54-9A1E7A4F7556}") = "LightningConverter", "LightningConverter\LightningConverter.csproj", "{86BABAFE-2992-4FFE-BD4B-FCDB30D03B08}"
EndProject
Project("{FAE04EC0-301F-11D3-BF4B-00C04F79EFBC}") = "IdfCleaner", "IdfCleaner\IdfCleaner.csproj", "{7A46BBF0-8275-4D14-BB92-99D90B351F9D}"
EndProject
Global
	GlobalSection(SolutionConfigurationPlatforms) = preSolution
		Debug|Any CPU = Debug|Any CPU
		Debug|x86 = Debug|x86
		Release|Any CPU = Release|Any CPU
		Release|x86 = Release|x86
	EndGlobalSection
	GlobalSection(ProjectConfigurationPlatforms) = postSolution
		{4DC82929-03E4-4B7F-B195-02D5FFEFC620}.Debug|Any CPU.ActiveCfg = Debug|Any CPU
		{4DC82929-03E4-4B7F-B195-02D5FFEFC620}.Debug|Any CPU.Build.0 = Debug|Any CPU
		{4DC82929-03E4-4B7F-B195-02D5FFEFC620}.Debug|x86.ActiveCfg = Debug|x86
		{4DC82929-03E4-4B7F-B195-02D5FFEFC620}.Debug|x86.Build.0 = Debug|x86
		{4DC82929-03E4-4B7F-B195-02D5FFEFC620}.Release|Any CPU.ActiveCfg = Release|Any CPU
		{4DC82929-03E4-4B7F-B195-02D5FFEFC620}.Release|Any CPU.Build.0 = Release|Any CPU
		{4DC82929-03E4-4B7F-B195-02D5FFEFC620}.Release|x86.ActiveCfg = Release|x86
		{4DC82929-03E4-4B7F-B195-02D5FFEFC620}.Release|x86.Build.0 = Release|x86
		{F5058840-D869-48A2-816A-673A3B1EF908}.Debug|Any CPU.ActiveCfg = Debug|Any CPU
		{F5058840-D869-48A2-816A-673A3B1EF908}.Debug|Any CPU.Build.0 = Debug|Any CPU
		{F5058840-D869-48A2-816A-673A3B1EF908}.Debug|x86.ActiveCfg = Debug|Any CPU
		{F5058840-D869-48A2-816A-673A3B1EF908}.Debug|x86.Build.0 = Debug|Any CPU
		{F5058840-D869-48A2-816A-673A3B1EF908}.Release|Any CPU.ActiveCfg = Release|Any CPU
		{F5058840-D869-48A2-816A-673A3B1EF908}.Release|Any CPU.Build.0 = Release|Any CPU
		{F5058840-D869-48A2-816A-673A3B1EF908}.Release|x86.ActiveCfg = Release|Any CPU
		{F5058840-D869-48A2-816A-673A3B1EF908}.Release|x86.Build.0 = Release|Any CPU
		{A6B80AF4-FAE7-4E6C-97F6-EF9301BEA118}.Debug|Any CPU.ActiveCfg = Debug|Any CPU
		{A6B80AF4-FAE7-4E6C-97F6-EF9301BEA118}.Debug|Any CPU.Build.0 = Debug|Any CPU
		{A6B80AF4-FAE7-4E6C-97F6-EF9301BEA118}.Debug|x86.ActiveCfg = Debug|Any CPU
		{A6B80AF4-FAE7-4E6C-97F6-EF9301BEA118}.Debug|x86.Build.0 = Debug|Any CPU
		{A6B80AF4-FAE7-4E6C-97F6-EF9301BEA118}.Release|Any CPU.ActiveCfg = Release|Any CPU
		{A6B80AF4-FAE7-4E6C-97F6-EF9301BEA118}.Release|Any CPU.Build.0 = Release|Any CPU
		{A6B80AF4-FAE7-4E6C-97F6-EF9301BEA118}.Release|x86.ActiveCfg = Release|Any CPU
		{A6B80AF4-FAE7-4E6C-97F6-EF9301BEA118}.Release|x86.Build.0 = Release|Any CPU
		{B703EA50-AF84-4EBD-A41B-7465CFCDC99F}.Debug|Any CPU.ActiveCfg = Debug|Any CPU
		{B703EA50-AF84-4EBD-A41B-7465CFCDC99F}.Debug|Any CPU.Build.0 = Debug|Any CPU
		{B703EA50-AF84-4EBD-A41B-7465CFCDC99F}.Debug|x86.ActiveCfg = Debug|Any CPU
		{B703EA50-AF84-4EBD-A41B-7465CFCDC99F}.Debug|x86.Build.0 = Debug|Any CPU
		{B703EA50-AF84-4EBD-A41B-7465CFCDC99F}.Release|Any CPU.ActiveCfg = Release|Any CPU
		{B703EA50-AF84-4EBD-A41B-7465CFCDC99F}.Release|Any CPU.Build.0 = Release|Any CPU
		{B703EA50-AF84-4EBD-A41B-7465CFCDC99F}.Release|x86.ActiveCfg = Release|Any CPU
		{B703EA50-AF84-4EBD-A41B-7465CFCDC99F}.Release|x86.Build.0 = Release|Any CPU
		{89E096DF-5227-4734-808A-B6DC8408A55D}.Debug|Any CPU.ActiveCfg = Debug|Any CPU
		{89E096DF-5227-4734-808A-B6DC8408A55D}.Debug|Any CPU.Build.0 = Debug|Any CPU
		{89E096DF-5227-4734-808A-B6DC8408A55D}.Debug|x86.ActiveCfg = Debug|Any CPU
		{89E096DF-5227-4734-808A-B6DC8408A55D}.Debug|x86.Build.0 = Debug|Any CPU
		{89E096DF-5227-4734-808A-B6DC8408A55D}.Release|Any CPU.ActiveCfg = Release|Any CPU
		{89E096DF-5227-4734-808A-B6DC8408A55D}.Release|Any CPU.Build.0 = Release|Any CPU
		{89E096DF-5227-4734-808A-B6DC8408A55D}.Release|x86.ActiveCfg = Release|Any CPU
		{89E096DF-5227-4734-808A-B6DC8408A55D}.Release|x86.Build.0 = Release|Any CPU
		{7BDE8A53-5764-41B4-9780-A7AC3857BFA9}.Debug|Any CPU.ActiveCfg = Debug|Any CPU
		{7BDE8A53-5764-41B4-9780-A7AC3857BFA9}.Debug|Any CPU.Build.0 = Debug|Any CPU
		{7BDE8A53-5764-41B4-9780-A7AC3857BFA9}.Debug|x86.ActiveCfg = Debug|Any CPU
		{7BDE8A53-5764-41B4-9780-A7AC3857BFA9}.Debug|x86.Build.0 = Debug|Any CPU
		{7BDE8A53-5764-41B4-9780-A7AC3857BFA9}.Release|Any CPU.ActiveCfg = Release|Any CPU
		{7BDE8A53-5764-41B4-9780-A7AC3857BFA9}.Release|Any CPU.Build.0 = Release|Any CPU
		{7BDE8A53-5764-41B4-9780-A7AC3857BFA9}.Release|x86.ActiveCfg = Release|Any CPU
		{7BDE8A53-5764-41B4-9780-A7AC3857BFA9}.Release|x86.Build.0 = Release|Any CPU
		{790BD099-6820-4CCA-B652-90F944B9624C}.Debug|Any CPU.ActiveCfg = Debug|Any CPU
		{790BD099-6820-4CCA-B652-90F944B9624C}.Debug|Any CPU.Build.0 = Debug|Any CPU
		{790BD099-6820-4CCA-B652-90F944B9624C}.Debug|x86.ActiveCfg = Debug|Any CPU
		{790BD099-6820-4CCA-B652-90F944B9624C}.Debug|x86.Build.0 = Debug|Any CPU
		{790BD099-6820-4CCA-B652-90F944B9624C}.Release|Any CPU.ActiveCfg = Release|Any CPU
		{790BD099-6820-4CCA-B652-90F944B9624C}.Release|Any CPU.Build.0 = Release|Any CPU
		{790BD099-6820-4CCA-B652-90F944B9624C}.Release|x86.ActiveCfg = Release|Any CPU
		{790BD099-6820-4CCA-B652-90F944B9624C}.Release|x86.Build.0 = Release|Any CPU
		{86BABAFE-2992-4FFE-BD4B-FCDB30D03B08}.Debug|Any CPU.ActiveCfg = Debug|Any CPU
		{86BABAFE-2992-4FFE-BD4B-FCDB30D03B08}.Debug|Any CPU.Build.0 = Debug|Any CPU
		{86BABAFE-2992-4FFE-BD4B-FCDB30D03B08}.Debug|x86.ActiveCfg = Debug|Any CPU
		{86BABAFE-2992-4FFE-BD4B-FCDB30D03B08}.Debug|x86.Build.0 = Debug|Any CPU
		{86BABAFE-2992-4FFE-BD4B-FCDB30D03B08}.Release|Any CPU.ActiveCfg = Release|Any CPU
		{86BABAFE-2992-4FFE-BD4B-FCDB30D03B08}.Release|Any CPU.Build.0 = Release|Any CPU
		{86BABAFE-2992-4FFE-BD4B-FCDB30D03B08}.Release|x86.ActiveCfg = Release|Any CPU
		{86BABAFE-2992-4FFE-BD4B-FCDB30D03B08}.Release|x86.Build.0 = Release|Any CPU
		{7A46BBF0-8275-4D14-BB92-99D90B351F9D}.Debug|Any CPU.ActiveCfg = Debug|Any CPU
		{7A46BBF0-8275-4D14-BB92-99D90B351F9D}.Debug|Any CPU.Build.0 = Debug|Any CPU
		{7A46BBF0-8275-4D14-BB92-99D90B351F9D}.Debug|x86.ActiveCfg = Debug|Any CPU
		{7A46BBF0-8275-4D14-BB92-99D90B351F9D}.Debug|x86.Build.0 = Debug|Any CPU
		{7A46BBF0-8275-4D14-BB92-99D90B351F9D}.Release|Any CPU.ActiveCfg = Release|Any CPU
		{7A46BBF0-8275-4D14-BB92-99D90B351F9D}.Release|Any CPU.Build.0 = Release|Any CPU
		{7A46BBF0-8275-4D14-BB92-99D90B351F9D}.Release|x86.ActiveCfg = Release|Any CPU
		{7A46BBF0-8275-4D14-BB92-99D90B351F9D}.Release|x86.Build.0 = Release|Any CPU
	EndGlobalSection
	GlobalSection(SolutionProperties) = preSolution
		HideSolutionNode = FALSE
	EndGlobalSection
	GlobalSection(ExtensibilityGlobals) = postSolution
		SolutionGuid = {41CABA9F-BE12-4A43-B508-4FF4604C3A9A}
	EndGlobalSection
EndGlobal
